{
  "name": "portfolio",
  "version": "1.0.0",
  "lockfileVersion": 3,
  "requires": true,
  "packages": {
    "": {
      "name": "portfolio",
      "version": "1.0.0",
      "license": "ISC",
      "dependencies": {
        "@emailjs/browser": "^4.4.1",
        "@emailjs/nodejs": "^4.1.0",
        "emailjs": "^4.0.3"
      }
    },
    "node_modules/@emailjs/browser": {
      "version": "4.4.1",
      "resolved": "https://registry.npmjs.org/@emailjs/browser/-/browser-4.4.1.tgz",
      "integrity": "sha512-DGSlP9sPvyFba3to2A50kDtZ+pXVp/0rhmqs2LmbMS3I5J8FSOgLwzY2Xb4qfKlOVHh29EAutLYwe5yuEZmEFg==",
      "license": "BSD-3-Clause",
      "engines": {
        "node": ">=14.0.0"
      }
    },
    "node_modules/@emailjs/nodejs": {
      "version": "4.1.0",
      "resolved": "https://registry.npmjs.org/@emailjs/nodejs/-/nodejs-4.1.0.tgz",
      "integrity": "sha512-d97BsKytRhP9Nme66Hmk+S5HO+zQPJ0XZ+FsNERS8uxpSXvj6rEXUeOC49ilH8LAWOdb/eL8xhsM9tfpHrvkcA==",
      "license": "BSD-3-Clause",
      "engines": {
        "node": ">=14.0.0"
      }
    },
    "node_modules/emailjs": {
      "version": "4.0.3",
      "resolved": "https://registry.npmjs.org/emailjs/-/emailjs-4.0.3.tgz",
      "integrity": "sha512-1CDXoE3FxkSg7QRTlLsDCYG9elFNu/JQsYWu3Xfrk77ubbg5zYgFGg+JRUKQJ56mceM8o3rHHX0VB4wo9XsyLQ==",
      "license": "MIT",
      "engines": {
        "node": ">=12"
      },
      "peerDependencies": {
        "typescript": ">=4.3.5"
      },
      "peerDependenciesMeta": {
        "typescript": {
          "optional": true
        }
      }
    }
  }
}
